
Microsoft Visual Studio Solution File, Format Version 12.00
Project("{2150E333-8FDC-42A3-9474-1A3956D46DE8}") = "Doctors", "Doctors", "{9D2DD52E-7F73-4F61-8BF8-A190D775DDBE}"
EndProject
Project("{2150E333-8FDC-42A3-9474-1A3956D46DE8}") = "src", "src", "{01A1F8B2-434E-49BA-8B55-FA119562D07E}"
EndProject
Project("{FAE04EC0-301F-11D3-BF4B-00C04F79EFBC}") = "Doctors.Domain", "Doctors\src\Doctors.Domain\Doctors.Domain.csproj", "{5CB9EB4C-44A0-4BF1-9BC9-28FF36977D37}"
EndProject
Project("{FAE04EC0-301F-11D3-BF4B-00C04F79EFBC}") = "Doctors.Application", "Doctors\src\Doctors.Application\Doctors.Application.csproj", "{DFBE4AC0-98B5-495C-87B7-29DBDD4E63CE}"
EndProject
Project("{FAE04EC0-301F-11D3-BF4B-00C04F79EFBC}") = "Doctors.Infrastructure", "Doctors\src\Doctors.Infrastructure\Doctors.Infrastructure.csproj", "{D7C2EBE9-E44B-472B-9A04-9133668F0AAC}"
EndProject
Project("{FAE04EC0-301F-11D3-BF4B-00C04F79EFBC}") = "Doctors.Api", "Doctors\src\Doctors.Api\Doctors.Api.csproj", "{697C0C46-1E63-4307-8BD9-1E96E707F872}"
EndProject
Project("{FAE04EC0-301F-11D3-BF4B-00C04F79EFBC}") = "Doctors.Contracts", "Doctors\src\Doctors.Contracts\Doctors.Contracts.csproj", "{1A25084B-0E29-4575-8882-F3294E82A698}"
EndProject
Project("{2150E333-8FDC-42A3-9474-1A3956D46DE8}") = "Appointments", "Appointments", "{A786EB63-9A62-4EE8-A0FC-8C33B7E2077E}"
EndProject
Project("{2150E333-8FDC-42A3-9474-1A3956D46DE8}") = "src", "src", "{51DC507F-417B-4D06-BE90-2A5E915B9202}"
EndProject
Project("{FAE04EC0-301F-11D3-BF4B-00C04F79EFBC}") = "Appointments.Domain", "Appointments\src\Appointments.Domain\Appointments.Domain.csproj", "{E2515164-4FF0-4E7C-8DA1-CA97A1BA0A25}"
EndProject
Project("{FAE04EC0-301F-11D3-BF4B-00C04F79EFBC}") = "Appointments.Application", "Appointments\src\Appointments.Application\Appointments.Application.csproj", "{854C6CDA-0453-4F73-B82D-3B70E1DBE728}"
EndProject
Project("{FAE04EC0-301F-11D3-BF4B-00C04F79EFBC}") = "Appointments.Infrastructure", "Appointments\src\Appointments.Infrastructure\Appointments.Infrastructure.csproj", "{BEB19F29-9583-4456-A989-48E09D2B37A8}"
EndProject
Project("{FAE04EC0-301F-11D3-BF4B-00C04F79EFBC}") = "Appointments.Api", "Appointments\src\Appointments.Api\Appointments.Api.csproj", "{D0B94C45-356E-4763-BAFD-1570451EE94D}"
EndProject
Project("{FAE04EC0-301F-11D3-BF4B-00C04F79EFBC}") = "Appointments.Contracts", "Appointments\src\Appointments.Contracts\Appointments.Contracts.csproj", "{12D2EB04-920E-4F60-9C24-8B66B5B4AA75}"
EndProject
Project("{2150E333-8FDC-42A3-9474-1A3956D46DE8}") = "Identity", "Identity", "{E80AC9BF-A162-4390-962D-1308BBAF22F9}"
EndProject
Project("{2150E333-8FDC-42A3-9474-1A3956D46DE8}") = "src", "src", "{2758B156-6E60-45C6-BEF6-43E18B9B62AC}"
EndProject
Project("{FAE04EC0-301F-11D3-BF4B-00C04F79EFBC}") = "Identity.Api", "Identity\src\Identity.Api\Identity.Api.csproj", "{967268D8-DBB2-46BF-B933-3AEB10272CC2}"
EndProject
Project("{FAE04EC0-301F-11D3-BF4B-00C04F79EFBC}") = "Identity.Contracts", "Identity\src\Identity.Contracts\Identity.Contracts.csproj", "{529ABBD5-07B7-4538-AB5E-26EE4C9BCC44}"
EndProject
Project("{FAE04EC0-301F-11D3-BF4B-00C04F79EFBC}") = "Identity.Core", "Identity\src\Identity.Core\Identity.Core.csproj", "{CD411342-EEB0-4538-8C49-EFD164D5455B}"
EndProject
Project("{2150E333-8FDC-42A3-9474-1A3956D46DE8}") = "SharedKernel", "SharedKernel", "{713ECA09-6B9C-4031-9F0D-07873F33D05C}"
EndProject
Project("{FAE04EC0-301F-11D3-BF4B-00C04F79EFBC}") = "FindADoctor.SharedKernel", "SharedKernel\FindADoctor.SharedKernel\FindADoctor.SharedKernel.csproj", "{1D03E15F-8E12-45D9-AAF7-77225EE9C469}"
EndProject
Project("{2150E333-8FDC-42A3-9474-1A3956D46DE8}") = "tests", "tests", "{38E80697-51A9-46BA-A010-1700058EDD38}"
EndProject
Project("{FAE04EC0-301F-11D3-BF4B-00C04F79EFBC}") = "TestsCommon", "Doctors\tests\TestsCommon\TestsCommon.csproj", "{CEF8108A-B454-488A-8826-3A55A8C74FE3}"
EndProject
Project("{FAE04EC0-301F-11D3-BF4B-00C04F79EFBC}") = "Doctors.Domain.UnitTests", "Doctors\tests\Doctors.Domain.UnitTests\Doctors.Domain.UnitTests.csproj", "{BB77E255-9D22-40CC-840C-DEBC5A56E1AA}"
EndProject
Project("{FAE04EC0-301F-11D3-BF4B-00C04F79EFBC}") = "Doctors.Application.UnitTests", "Doctors\tests\Doctors.Application.UnitTests\Doctors.Application.UnitTests.csproj", "{CDE0B016-D9C3-4DF6-B1A6-EA9D7430D04D}"
EndProject
Project("{2150E333-8FDC-42A3-9474-1A3956D46DE8}") = "tests", "tests", "{41062231-4DA9-40EA-A055-466D7853195E}"
EndProject
Project("{FAE04EC0-301F-11D3-BF4B-00C04F79EFBC}") = "TestCommon", "Appointments\tests\TestCommon\TestCommon.csproj", "{003F6CEB-1F31-4C93-A487-2989410161C6}"
EndProject
Project("{FAE04EC0-301F-11D3-BF4B-00C04F79EFBC}") = "Appointments.Domain.UnitTests", "Appointments\tests\Appointments.Domain.UnitTests\Appointments.Domain.UnitTests.csproj", "{5C64B6B3-8E57-468D-A48E-9342BE58635D}"
EndProject
Project("{FAE04EC0-301F-11D3-BF4B-00C04F79EFBC}") = "Appointments.Application.UnitTests", "Appointments\tests\Appointments.Application.UnitTests\Appointments.Application.UnitTests.csproj", "{F57A21BB-2DC4-4DF1-85C3-7E4DC6AFA94B}"
EndProject
Project("{FAE04EC0-301F-11D3-BF4B-00C04F79EFBC}") = "Doctors.Application.SubcutaneousTests", "Doctors\tests\Doctors.Application.SubcutaneousTests\Doctors.Application.SubcutaneousTests.csproj", "{F22B14D5-3DCA-48BD-AAA6-F4A79C3AB267}"
EndProject
Project("{FAE04EC0-301F-11D3-BF4B-00C04F79EFBC}") = "Appointments.Application.SubcutaneousTests", "Appointments\tests\Appointments.Application.SubcutaneousTests\Appointments.Application.SubcutaneousTests.csproj", "{3C475627-0A35-47AC-AC13-DC55EFBDA93A}"
EndProject
Project("{FAE04EC0-301F-11D3-BF4B-00C04F79EFBC}") = "Doctors.Api.IntegrationTests", "Doctors\tests\Doctors.Api.IntegrationTests\Doctors.Api.IntegrationTests.csproj", "{51BC204C-AA4D-46E6-9034-A35CE6046268}"
EndProject
Project("{FAE04EC0-301F-11D3-BF4B-00C04F79EFBC}") = "Appointments.Api.IntegrationTests", "Appointments\tests\Appointments.Api.IntegrationTests\Appointments.Api.IntegrationTests.csproj", "{3DAB6C58-1355-40E4-AC94-3CDE41A5F4BF}"
EndProject
Global
	GlobalSection(SolutionConfigurationPlatforms) = preSolution
		Debug|Any CPU = Debug|Any CPU
		Release|Any CPU = Release|Any CPU
	EndGlobalSection
	GlobalSection(NestedProjects) = preSolution
		{01A1F8B2-434E-49BA-8B55-FA119562D07E} = {9D2DD52E-7F73-4F61-8BF8-A190D775DDBE}
		{5CB9EB4C-44A0-4BF1-9BC9-28FF36977D37} = {01A1F8B2-434E-49BA-8B55-FA119562D07E}
		{DFBE4AC0-98B5-495C-87B7-29DBDD4E63CE} = {01A1F8B2-434E-49BA-8B55-FA119562D07E}
		{D7C2EBE9-E44B-472B-9A04-9133668F0AAC} = {01A1F8B2-434E-49BA-8B55-FA119562D07E}
		{697C0C46-1E63-4307-8BD9-1E96E707F872} = {01A1F8B2-434E-49BA-8B55-FA119562D07E}
		{1A25084B-0E29-4575-8882-F3294E82A698} = {01A1F8B2-434E-49BA-8B55-FA119562D07E}
		{51DC507F-417B-4D06-BE90-2A5E915B9202} = {A786EB63-9A62-4EE8-A0FC-8C33B7E2077E}
		{E2515164-4FF0-4E7C-8DA1-CA97A1BA0A25} = {51DC507F-417B-4D06-BE90-2A5E915B9202}
		{854C6CDA-0453-4F73-B82D-3B70E1DBE728} = {51DC507F-417B-4D06-BE90-2A5E915B9202}
		{BEB19F29-9583-4456-A989-48E09D2B37A8} = {51DC507F-417B-4D06-BE90-2A5E915B9202}
		{D0B94C45-356E-4763-BAFD-1570451EE94D} = {51DC507F-417B-4D06-BE90-2A5E915B9202}
		{12D2EB04-920E-4F60-9C24-8B66B5B4AA75} = {51DC507F-417B-4D06-BE90-2A5E915B9202}
		{2758B156-6E60-45C6-BEF6-43E18B9B62AC} = {E80AC9BF-A162-4390-962D-1308BBAF22F9}
		{967268D8-DBB2-46BF-B933-3AEB10272CC2} = {2758B156-6E60-45C6-BEF6-43E18B9B62AC}
		{529ABBD5-07B7-4538-AB5E-26EE4C9BCC44} = {2758B156-6E60-45C6-BEF6-43E18B9B62AC}
		{CD411342-EEB0-4538-8C49-EFD164D5455B} = {2758B156-6E60-45C6-BEF6-43E18B9B62AC}
		{1D03E15F-8E12-45D9-AAF7-77225EE9C469} = {713ECA09-6B9C-4031-9F0D-07873F33D05C}
		{38E80697-51A9-46BA-A010-1700058EDD38} = {9D2DD52E-7F73-4F61-8BF8-A190D775DDBE}
		{CEF8108A-B454-488A-8826-3A55A8C74FE3} = {38E80697-51A9-46BA-A010-1700058EDD38}
		{BB77E255-9D22-40CC-840C-DEBC5A56E1AA} = {38E80697-51A9-46BA-A010-1700058EDD38}
		{CDE0B016-D9C3-4DF6-B1A6-EA9D7430D04D} = {38E80697-51A9-46BA-A010-1700058EDD38}
		{41062231-4DA9-40EA-A055-466D7853195E} = {A786EB63-9A62-4EE8-A0FC-8C33B7E2077E}
		{003F6CEB-1F31-4C93-A487-2989410161C6} = {41062231-4DA9-40EA-A055-466D7853195E}
		{5C64B6B3-8E57-468D-A48E-9342BE58635D} = {41062231-4DA9-40EA-A055-466D7853195E}
		{F57A21BB-2DC4-4DF1-85C3-7E4DC6AFA94B} = {41062231-4DA9-40EA-A055-466D7853195E}
		{F22B14D5-3DCA-48BD-AAA6-F4A79C3AB267} = {38E80697-51A9-46BA-A010-1700058EDD38}
		{3C475627-0A35-47AC-AC13-DC55EFBDA93A} = {41062231-4DA9-40EA-A055-466D7853195E}
		{51BC204C-AA4D-46E6-9034-A35CE6046268} = {38E80697-51A9-46BA-A010-1700058EDD38}
		{3DAB6C58-1355-40E4-AC94-3CDE41A5F4BF} = {41062231-4DA9-40EA-A055-466D7853195E}
	EndGlobalSection
	GlobalSection(ProjectConfigurationPlatforms) = postSolution
		{5CB9EB4C-44A0-4BF1-9BC9-28FF36977D37}.Debug|Any CPU.ActiveCfg = Debug|Any CPU
		{5CB9EB4C-44A0-4BF1-9BC9-28FF36977D37}.Debug|Any CPU.Build.0 = Debug|Any CPU
		{5CB9EB4C-44A0-4BF1-9BC9-28FF36977D37}.Release|Any CPU.ActiveCfg = Release|Any CPU
		{5CB9EB4C-44A0-4BF1-9BC9-28FF36977D37}.Release|Any CPU.Build.0 = Release|Any CPU
		{DFBE4AC0-98B5-495C-87B7-29DBDD4E63CE}.Debug|Any CPU.ActiveCfg = Debug|Any CPU
		{DFBE4AC0-98B5-495C-87B7-29DBDD4E63CE}.Debug|Any CPU.Build.0 = Debug|Any CPU
		{DFBE4AC0-98B5-495C-87B7-29DBDD4E63CE}.Release|Any CPU.ActiveCfg = Release|Any CPU
		{DFBE4AC0-98B5-495C-87B7-29DBDD4E63CE}.Release|Any CPU.Build.0 = Release|Any CPU
		{D7C2EBE9-E44B-472B-9A04-9133668F0AAC}.Debug|Any CPU.ActiveCfg = Debug|Any CPU
		{D7C2EBE9-E44B-472B-9A04-9133668F0AAC}.Debug|Any CPU.Build.0 = Debug|Any CPU
		{D7C2EBE9-E44B-472B-9A04-9133668F0AAC}.Release|Any CPU.ActiveCfg = Release|Any CPU
		{D7C2EBE9-E44B-472B-9A04-9133668F0AAC}.Release|Any CPU.Build.0 = Release|Any CPU
		{697C0C46-1E63-4307-8BD9-1E96E707F872}.Debug|Any CPU.ActiveCfg = Debug|Any CPU
		{697C0C46-1E63-4307-8BD9-1E96E707F872}.Debug|Any CPU.Build.0 = Debug|Any CPU
		{697C0C46-1E63-4307-8BD9-1E96E707F872}.Release|Any CPU.ActiveCfg = Release|Any CPU
		{697C0C46-1E63-4307-8BD9-1E96E707F872}.Release|Any CPU.Build.0 = Release|Any CPU
		{1A25084B-0E29-4575-8882-F3294E82A698}.Debug|Any CPU.ActiveCfg = Debug|Any CPU
		{1A25084B-0E29-4575-8882-F3294E82A698}.Debug|Any CPU.Build.0 = Debug|Any CPU
		{1A25084B-0E29-4575-8882-F3294E82A698}.Release|Any CPU.ActiveCfg = Release|Any CPU
		{1A25084B-0E29-4575-8882-F3294E82A698}.Release|Any CPU.Build.0 = Release|Any CPU
		{E2515164-4FF0-4E7C-8DA1-CA97A1BA0A25}.Debug|Any CPU.ActiveCfg = Debug|Any CPU
		{E2515164-4FF0-4E7C-8DA1-CA97A1BA0A25}.Debug|Any CPU.Build.0 = Debug|Any CPU
		{E2515164-4FF0-4E7C-8DA1-CA97A1BA0A25}.Release|Any CPU.ActiveCfg = Release|Any CPU
		{E2515164-4FF0-4E7C-8DA1-CA97A1BA0A25}.Release|Any CPU.Build.0 = Release|Any CPU
		{854C6CDA-0453-4F73-B82D-3B70E1DBE728}.Debug|Any CPU.ActiveCfg = Debug|Any CPU
		{854C6CDA-0453-4F73-B82D-3B70E1DBE728}.Debug|Any CPU.Build.0 = Debug|Any CPU
		{854C6CDA-0453-4F73-B82D-3B70E1DBE728}.Release|Any CPU.ActiveCfg = Release|Any CPU
		{854C6CDA-0453-4F73-B82D-3B70E1DBE728}.Release|Any CPU.Build.0 = Release|Any CPU
		{BEB19F29-9583-4456-A989-48E09D2B37A8}.Debug|Any CPU.ActiveCfg = Debug|Any CPU
		{BEB19F29-9583-4456-A989-48E09D2B37A8}.Debug|Any CPU.Build.0 = Debug|Any CPU
		{BEB19F29-9583-4456-A989-48E09D2B37A8}.Release|Any CPU.ActiveCfg = Release|Any CPU
		{BEB19F29-9583-4456-A989-48E09D2B37A8}.Release|Any CPU.Build.0 = Release|Any CPU
		{D0B94C45-356E-4763-BAFD-1570451EE94D}.Debug|Any CPU.ActiveCfg = Debug|Any CPU
		{D0B94C45-356E-4763-BAFD-1570451EE94D}.Debug|Any CPU.Build.0 = Debug|Any CPU
		{D0B94C45-356E-4763-BAFD-1570451EE94D}.Release|Any CPU.ActiveCfg = Release|Any CPU
		{D0B94C45-356E-4763-BAFD-1570451EE94D}.Release|Any CPU.Build.0 = Release|Any CPU
		{12D2EB04-920E-4F60-9C24-8B66B5B4AA75}.Debug|Any CPU.ActiveCfg = Debug|Any CPU
		{12D2EB04-920E-4F60-9C24-8B66B5B4AA75}.Debug|Any CPU.Build.0 = Debug|Any CPU
		{12D2EB04-920E-4F60-9C24-8B66B5B4AA75}.Release|Any CPU.ActiveCfg = Release|Any CPU
		{12D2EB04-920E-4F60-9C24-8B66B5B4AA75}.Release|Any CPU.Build.0 = Release|Any CPU
		{967268D8-DBB2-46BF-B933-3AEB10272CC2}.Debug|Any CPU.ActiveCfg = Debug|Any CPU
		{967268D8-DBB2-46BF-B933-3AEB10272CC2}.Debug|Any CPU.Build.0 = Debug|Any CPU
		{967268D8-DBB2-46BF-B933-3AEB10272CC2}.Release|Any CPU.ActiveCfg = Release|Any CPU
		{967268D8-DBB2-46BF-B933-3AEB10272CC2}.Release|Any CPU.Build.0 = Release|Any CPU
		{529ABBD5-07B7-4538-AB5E-26EE4C9BCC44}.Debug|Any CPU.ActiveCfg = Debug|Any CPU
		{529ABBD5-07B7-4538-AB5E-26EE4C9BCC44}.Debug|Any CPU.Build.0 = Debug|Any CPU
		{529ABBD5-07B7-4538-AB5E-26EE4C9BCC44}.Release|Any CPU.ActiveCfg = Release|Any CPU
		{529ABBD5-07B7-4538-AB5E-26EE4C9BCC44}.Release|Any CPU.Build.0 = Release|Any CPU
		{CD411342-EEB0-4538-8C49-EFD164D5455B}.Debug|Any CPU.ActiveCfg = Debug|Any CPU
		{CD411342-EEB0-4538-8C49-EFD164D5455B}.Debug|Any CPU.Build.0 = Debug|Any CPU
		{CD411342-EEB0-4538-8C49-EFD164D5455B}.Release|Any CPU.ActiveCfg = Release|Any CPU
		{CD411342-EEB0-4538-8C49-EFD164D5455B}.Release|Any CPU.Build.0 = Release|Any CPU
		{1D03E15F-8E12-45D9-AAF7-77225EE9C469}.Debug|Any CPU.ActiveCfg = Debug|Any CPU
		{1D03E15F-8E12-45D9-AAF7-77225EE9C469}.Debug|Any CPU.Build.0 = Debug|Any CPU
		{1D03E15F-8E12-45D9-AAF7-77225EE9C469}.Release|Any CPU.ActiveCfg = Release|Any CPU
		{1D03E15F-8E12-45D9-AAF7-77225EE9C469}.Release|Any CPU.Build.0 = Release|Any CPU
		{CEF8108A-B454-488A-8826-3A55A8C74FE3}.Debug|Any CPU.ActiveCfg = Debug|Any CPU
		{CEF8108A-B454-488A-8826-3A55A8C74FE3}.Debug|Any CPU.Build.0 = Debug|Any CPU
		{CEF8108A-B454-488A-8826-3A55A8C74FE3}.Release|Any CPU.ActiveCfg = Release|Any CPU
		{CEF8108A-B454-488A-8826-3A55A8C74FE3}.Release|Any CPU.Build.0 = Release|Any CPU
		{BB77E255-9D22-40CC-840C-DEBC5A56E1AA}.Debug|Any CPU.ActiveCfg = Debug|Any CPU
		{BB77E255-9D22-40CC-840C-DEBC5A56E1AA}.Debug|Any CPU.Build.0 = Debug|Any CPU
		{BB77E255-9D22-40CC-840C-DEBC5A56E1AA}.Release|Any CPU.ActiveCfg = Release|Any CPU
		{BB77E255-9D22-40CC-840C-DEBC5A56E1AA}.Release|Any CPU.Build.0 = Release|Any CPU
		{CDE0B016-D9C3-4DF6-B1A6-EA9D7430D04D}.Debug|Any CPU.ActiveCfg = Debug|Any CPU
		{CDE0B016-D9C3-4DF6-B1A6-EA9D7430D04D}.Debug|Any CPU.Build.0 = Debug|Any CPU
		{CDE0B016-D9C3-4DF6-B1A6-EA9D7430D04D}.Release|Any CPU.ActiveCfg = Release|Any CPU
		{CDE0B016-D9C3-4DF6-B1A6-EA9D7430D04D}.Release|Any CPU.Build.0 = Release|Any CPU
		{003F6CEB-1F31-4C93-A487-2989410161C6}.Debug|Any CPU.ActiveCfg = Debug|Any CPU
		{003F6CEB-1F31-4C93-A487-2989410161C6}.Debug|Any CPU.Build.0 = Debug|Any CPU
		{003F6CEB-1F31-4C93-A487-2989410161C6}.Release|Any CPU.ActiveCfg = Release|Any CPU
		{003F6CEB-1F31-4C93-A487-2989410161C6}.Release|Any CPU.Build.0 = Release|Any CPU
		{5C64B6B3-8E57-468D-A48E-9342BE58635D}.Debug|Any CPU.ActiveCfg = Debug|Any CPU
		{5C64B6B3-8E57-468D-A48E-9342BE58635D}.Debug|Any CPU.Build.0 = Debug|Any CPU
		{5C64B6B3-8E57-468D-A48E-9342BE58635D}.Release|Any CPU.ActiveCfg = Release|Any CPU
		{5C64B6B3-8E57-468D-A48E-9342BE58635D}.Release|Any CPU.Build.0 = Release|Any CPU
		{F57A21BB-2DC4-4DF1-85C3-7E4DC6AFA94B}.Debug|Any CPU.ActiveCfg = Debug|Any CPU
		{F57A21BB-2DC4-4DF1-85C3-7E4DC6AFA94B}.Debug|Any CPU.Build.0 = Debug|Any CPU
		{F57A21BB-2DC4-4DF1-85C3-7E4DC6AFA94B}.Release|Any CPU.ActiveCfg = Release|Any CPU
		{F57A21BB-2DC4-4DF1-85C3-7E4DC6AFA94B}.Release|Any CPU.Build.0 = Release|Any CPU
		{F22B14D5-3DCA-48BD-AAA6-F4A79C3AB267}.Debug|Any CPU.ActiveCfg = Debug|Any CPU
		{F22B14D5-3DCA-48BD-AAA6-F4A79C3AB267}.Debug|Any CPU.Build.0 = Debug|Any CPU
		{F22B14D5-3DCA-48BD-AAA6-F4A79C3AB267}.Release|Any CPU.ActiveCfg = Release|Any CPU
		{F22B14D5-3DCA-48BD-AAA6-F4A79C3AB267}.Release|Any CPU.Build.0 = Release|Any CPU
		{3C475627-0A35-47AC-AC13-DC55EFBDA93A}.Debug|Any CPU.ActiveCfg = Debug|Any CPU
		{3C475627-0A35-47AC-AC13-DC55EFBDA93A}.Debug|Any CPU.Build.0 = Debug|Any CPU
		{3C475627-0A35-47AC-AC13-DC55EFBDA93A}.Release|Any CPU.ActiveCfg = Release|Any CPU
		{3C475627-0A35-47AC-AC13-DC55EFBDA93A}.Release|Any CPU.Build.0 = Release|Any CPU
		{51BC204C-AA4D-46E6-9034-A35CE6046268}.Debug|Any CPU.ActiveCfg = Debug|Any CPU
		{51BC204C-AA4D-46E6-9034-A35CE6046268}.Debug|Any CPU.Build.0 = Debug|Any CPU
		{51BC204C-AA4D-46E6-9034-A35CE6046268}.Release|Any CPU.ActiveCfg = Release|Any CPU
		{51BC204C-AA4D-46E6-9034-A35CE6046268}.Release|Any CPU.Build.0 = Release|Any CPU
		{3DAB6C58-1355-40E4-AC94-3CDE41A5F4BF}.Debug|Any CPU.ActiveCfg = Debug|Any CPU
		{3DAB6C58-1355-40E4-AC94-3CDE41A5F4BF}.Debug|Any CPU.Build.0 = Debug|Any CPU
		{3DAB6C58-1355-40E4-AC94-3CDE41A5F4BF}.Release|Any CPU.ActiveCfg = Release|Any CPU
		{3DAB6C58-1355-40E4-AC94-3CDE41A5F4BF}.Release|Any CPU.Build.0 = Release|Any CPU
	EndGlobalSection
EndGlobal
